
Microsoft Visual Studio Solution File, Format Version 12.00
# Visual Studio Version 17
VisualStudioVersion = 17.0.31903.59
MinimumVisualStudioVersion = 10.0.40219.1
Project("{2150E333-8FDC-42A3-9474-1A3956D46DE8}") = "src", "src", "{827E0CD3-B72D-47B6-A68D-7590B98EB39B}"
EndProject
Project("{FAE04EC0-301F-11D3-BF4B-00C04F79EFBC}") = "OpenMSA.Core", "src\OpenMSA.Core\OpenMSA.Core.csproj", "{0C335B17-475B-4084-B17A-5CDA6CC96E0C}"
EndProject
Project("{FAE04EC0-301F-11D3-BF4B-00C04F79EFBC}") = "OpenMSA.Identity", "src\OpenMSA.Identity\OpenMSA.Identity.csproj", "{32C20690-19B4-4E18-8078-8D7B2C52171C}"
EndProject
Project("{FAE04EC0-301F-11D3-BF4B-00C04F79EFBC}") = "OpenMSA.Policy", "src\OpenMSA.Policy\OpenMSA.Policy.csproj", "{A93ABC28-0ED1-4388-8ADB-17A9EB5A5E43}"
EndProject
Project("{FAE04EC0-301F-11D3-BF4B-00C04F79EFBC}") = "OpenMSA.Index", "src\OpenMSA.Index\OpenMSA.Index.csproj", "{EA8193EA-6FE8-4087-92EB-0370AC8DF3CB}"
EndProject
Project("{FAE04EC0-301F-11D3-BF4B-00C04F79EFBC}") = "OpenMSA.Storage", "src\OpenMSA.Storage\OpenMSA.Storage.csproj", "{42A6BC93-5559-41E2-A98C-183746C11F6E}"
EndProject
Project("{FAE04EC0-301F-11D3-BF4B-00C04F79EFBC}") = "OpenMSA.Gateway", "src\OpenMSA.Gateway\OpenMSA.Gateway.csproj", "{59F04EC5-470A-4605-AA3A-2AF0305D2B4A}"
EndProject
Project("{FAE04EC0-301F-11D3-BF4B-00C04F79EFBC}") = "ExampleServer", "apps\example-server\ExampleServer.csproj", "{E764C15C-385F-45AE-8818-3459D6FE1689}"
EndProject
Project("{FAE04EC0-301F-11D3-BF4B-00C04F79EFBC}") = "OpenMSA.Core.Tests", "tests\OpenMSA.Core.Tests\OpenMSA.Core.Tests.csproj", "{EE5B959B-BEE6-4CFC-8722-67F122C2CF09}"
EndProject
Project("{FAE04EC0-301F-11D3-BF4B-00C04F79EFBC}") = "OpenMSA.Identity.Tests", "tests\OpenMSA.Identity.Tests\OpenMSA.Identity.Tests.csproj", "{534E0D24-9ED3-4A55-B855-70C66452BD50}"
EndProject
Project("{FAE04EC0-301F-11D3-BF4B-00C04F79EFBC}") = "OpenMSA.Gateway.Tests", "tests\OpenMSA.Gateway.Tests\OpenMSA.Gateway.Tests.csproj", "{3A157C1D-30C8-402A-B2E8-D887B9EDF262}"
EndProject
Global
	GlobalSection(SolutionConfigurationPlatforms) = preSolution
		Debug|Any CPU = Debug|Any CPU
		Debug|x64 = Debug|x64
		Debug|x86 = Debug|x86
		Release|Any CPU = Release|Any CPU
		Release|x64 = Release|x64
		Release|x86 = Release|x86
	EndGlobalSection
	GlobalSection(ProjectConfigurationPlatforms) = postSolution
		{0C335B17-475B-4084-B17A-5CDA6CC96E0C}.Debug|Any CPU.ActiveCfg = Debug|Any CPU
		{0C335B17-475B-4084-B17A-5CDA6CC96E0C}.Debug|Any CPU.Build.0 = Debug|Any CPU
		{0C335B17-475B-4084-B17A-5CDA6CC96E0C}.Debug|x64.ActiveCfg = Debug|Any CPU
		{0C335B17-475B-4084-B17A-5CDA6CC96E0C}.Debug|x64.Build.0 = Debug|Any CPU
		{0C335B17-475B-4084-B17A-5CDA6CC96E0C}.Debug|x86.ActiveCfg = Debug|Any CPU
		{0C335B17-475B-4084-B17A-5CDA6CC96E0C}.Debug|x86.Build.0 = Debug|Any CPU
		{0C335B17-475B-4084-B17A-5CDA6CC96E0C}.Release|Any CPU.ActiveCfg = Release|Any CPU
		{0C335B17-475B-4084-B17A-5CDA6CC96E0C}.Release|Any CPU.Build.0 = Release|Any CPU
		{0C335B17-475B-4084-B17A-5CDA6CC96E0C}.Release|x64.ActiveCfg = Release|Any CPU
		{0C335B17-475B-4084-B17A-5CDA6CC96E0C}.Release|x64.Build.0 = Release|Any CPU
		{0C335B17-475B-4084-B17A-5CDA6CC96E0C}.Release|x86.ActiveCfg = Release|Any CPU
		{0C335B17-475B-4084-B17A-5CDA6CC96E0C}.Release|x86.Build.0 = Release|Any CPU
		{32C20690-19B4-4E18-8078-8D7B2C52171C}.Debug|Any CPU.ActiveCfg = Debug|Any CPU
		{32C20690-19B4-4E18-8078-8D7B2C52171C}.Debug|Any CPU.Build.0 = Debug|Any CPU
		{32C20690-19B4-4E18-8078-8D7B2C52171C}.Debug|x64.ActiveCfg = Debug|Any CPU
		{32C20690-19B4-4E18-8078-8D7B2C52171C}.Debug|x64.Build.0 = Debug|Any CPU
		{32C20690-19B4-4E18-8078-8D7B2C52171C}.Debug|x86.ActiveCfg = Debug|Any CPU
		{32C20690-19B4-4E18-8078-8D7B2C52171C}.Debug|x86.Build.0 = Debug|Any CPU
		{32C20690-19B4-4E18-8078-8D7B2C52171C}.Release|Any CPU.ActiveCfg = Release|Any CPU
		{32C20690-19B4-4E18-8078-8D7B2C52171C}.Release|Any CPU.Build.0 = Release|Any CPU
		{32C20690-19B4-4E18-8078-8D7B2C52171C}.Release|x64.ActiveCfg = Release|Any CPU
		{32C20690-19B4-4E18-8078-8D7B2C52171C}.Release|x64.Build.0 = Release|Any CPU
		{32C20690-19B4-4E18-8078-8D7B2C52171C}.Release|x86.ActiveCfg = Release|Any CPU
		{32C20690-19B4-4E18-8078-8D7B2C52171C}.Release|x86.Build.0 = Release|Any CPU
		{A93ABC28-0ED1-4388-8ADB-17A9EB5A5E43}.Debug|Any CPU.ActiveCfg = Debug|Any CPU
		{A93ABC28-0ED1-4388-8ADB-17A9EB5A5E43}.Debug|Any CPU.Build.0 = Debug|Any CPU
		{A93ABC28-0ED1-4388-8ADB-17A9EB5A5E43}.Debug|x64.ActiveCfg = Debug|Any CPU
		{A93ABC28-0ED1-4388-8ADB-17A9EB5A5E43}.Debug|x64.Build.0 = Debug|Any CPU
		{A93ABC28-0ED1-4388-8ADB-17A9EB5A5E43}.Debug|x86.ActiveCfg = Debug|Any CPU
		{A93ABC28-0ED1-4388-8ADB-17A9EB5A5E43}.Debug|x86.Build.0 = Debug|Any CPU
		{A93ABC28-0ED1-4388-8ADB-17A9EB5A5E43}.Release|Any CPU.ActiveCfg = Release|Any CPU
		{A93ABC28-0ED1-4388-8ADB-17A9EB5A5E43}.Release|Any CPU.Build.0 = Release|Any CPU
		{A93ABC28-0ED1-4388-8ADB-17A9EB5A5E43}.Release|x64.ActiveCfg = Release|Any CPU
		{A93ABC28-0ED1-4388-8ADB-17A9EB5A5E43}.Release|x64.Build.0 = Release|Any CPU
		{A93ABC28-0ED1-4388-8ADB-17A9EB5A5E43}.Release|x86.ActiveCfg = Release|Any CPU
		{A93ABC28-0ED1-4388-8ADB-17A9EB5A5E43}.Release|x86.Build.0 = Release|Any CPU
		{EA8193EA-6FE8-4087-92EB-0370AC8DF3CB}.Debug|Any CPU.ActiveCfg = Debug|Any CPU
		{EA8193EA-6FE8-4087-92EB-0370AC8DF3CB}.Debug|Any CPU.Build.0 = Debug|Any CPU
		{EA8193EA-6FE8-4087-92EB-0370AC8DF3CB}.Debug|x64.ActiveCfg = Debug|Any CPU
		{EA8193EA-6FE8-4087-92EB-0370AC8DF3CB}.Debug|x64.Build.0 = Debug|Any CPU
		{EA8193EA-6FE8-4087-92EB-0370AC8DF3CB}.Debug|x86.ActiveCfg = Debug|Any CPU
		{EA8193EA-6FE8-4087-92EB-0370AC8DF3CB}.Debug|x86.Build.0 = Debug|Any CPU
		{EA8193EA-6FE8-4087-92EB-0370AC8DF3CB}.Release|Any CPU.ActiveCfg = Release|Any CPU
		{EA8193EA-6FE8-4087-92EB-0370AC8DF3CB}.Release|Any CPU.Build.0 = Release|Any CPU
		{EA8193EA-6FE8-4087-92EB-0370AC8DF3CB}.Release|x64.ActiveCfg = Release|Any CPU
		{EA8193EA-6FE8-4087-92EB-0370AC8DF3CB}.Release|x64.Build.0 = Release|Any CPU
		{EA8193EA-6FE8-4087-92EB-0370AC8DF3CB}.Release|x86.ActiveCfg = Release|Any CPU
		{EA8193EA-6FE8-4087-92EB-0370AC8DF3CB}.Release|x86.Build.0 = Release|Any CPU
		{42A6BC93-5559-41E2-A98C-183746C11F6E}.Debug|Any CPU.ActiveCfg = Debug|Any CPU
		{42A6BC93-5559-41E2-A98C-183746C11F6E}.Debug|Any CPU.Build.0 = Debug|Any CPU
		{42A6BC93-5559-41E2-A98C-183746C11F6E}.Debug|x64.ActiveCfg = Debug|Any CPU
		{42A6BC93-5559-41E2-A98C-183746C11F6E}.Debug|x64.Build.0 = Debug|Any CPU
		{42A6BC93-5559-41E2-A98C-183746C11F6E}.Debug|x86.ActiveCfg = Debug|Any CPU
		{42A6BC93-5559-41E2-A98C-183746C11F6E}.Debug|x86.Build.0 = Debug|Any CPU
		{42A6BC93-5559-41E2-A98C-183746C11F6E}.Release|Any CPU.ActiveCfg = Release|Any CPU
		{42A6BC93-5559-41E2-A98C-183746C11F6E}.Release|Any CPU.Build.0 = Release|Any CPU
		{42A6BC93-5559-41E2-A98C-183746C11F6E}.Release|x64.ActiveCfg = Release|Any CPU
		{42A6BC93-5559-41E2-A98C-183746C11F6E}.Release|x64.Build.0 = Release|Any CPU
		{42A6BC93-5559-41E2-A98C-183746C11F6E}.Release|x86.ActiveCfg = Release|Any CPU
		{42A6BC93-5559-41E2-A98C-183746C11F6E}.Release|x86.Build.0 = Release|Any CPU
		{59F04EC5-470A-4605-AA3A-2AF0305D2B4A}.Debug|Any CPU.ActiveCfg = Debug|Any CPU
		{59F04EC5-470A-4605-AA3A-2AF0305D2B4A}.Debug|Any CPU.Build.0 = Debug|Any CPU
		{59F04EC5-470A-4605-AA3A-2AF0305D2B4A}.Debug|x64.ActiveCfg = Debug|Any CPU
		{59F04EC5-470A-4605-AA3A-2AF0305D2B4A}.Debug|x64.Build.0 = Debug|Any CPU
		{59F04EC5-470A-4605-AA3A-2AF0305D2B4A}.Debug|x86.ActiveCfg = Debug|Any CPU
		{59F04EC5-470A-4605-AA3A-2AF0305D2B4A}.Debug|x86.Build.0 = Debug|Any CPU
		{59F04EC5-470A-4605-AA3A-2AF0305D2B4A}.Release|Any CPU.ActiveCfg = Release|Any CPU
		{59F04EC5-470A-4605-AA3A-2AF0305D2B4A}.Release|Any CPU.Build.0 = Release|Any CPU
		{59F04EC5-470A-4605-AA3A-2AF0305D2B4A}.Release|x64.ActiveCfg = Release|Any CPU
		{59F04EC5-470A-4605-AA3A-2AF0305D2B4A}.Release|x64.Build.0 = Release|Any CPU
		{59F04EC5-470A-4605-AA3A-2AF0305D2B4A}.Release|x86.ActiveCfg = Release|Any CPU
		{59F04EC5-470A-4605-AA3A-2AF0305D2B4A}.Release|x86.Build.0 = Release|Any CPU
		{E764C15C-385F-45AE-8818-3459D6FE1689}.Debug|Any CPU.ActiveCfg = Debug|Any CPU
		{E764C15C-385F-45AE-8818-3459D6FE1689}.Debug|Any CPU.Build.0 = Debug|Any CPU
		{E764C15C-385F-45AE-8818-3459D6FE1689}.Debug|x64.ActiveCfg = Debug|Any CPU
		{E764C15C-385F-45AE-8818-3459D6FE1689}.Debug|x64.Build.0 = Debug|Any CPU
		{E764C15C-385F-45AE-8818-3459D6FE1689}.Debug|x86.ActiveCfg = Debug|Any CPU
		{E764C15C-385F-45AE-8818-3459D6FE1689}.Debug|x86.Build.0 = Debug|Any CPU
		{E764C15C-385F-45AE-8818-3459D6FE1689}.Release|Any CPU.ActiveCfg = Release|Any CPU
		{E764C15C-385F-45AE-8818-3459D6FE1689}.Release|Any CPU.Build.0 = Release|Any CPU
		{E764C15C-385F-45AE-8818-3459D6FE1689}.Release|x64.ActiveCfg = Release|Any CPU
		{E764C15C-385F-45AE-8818-3459D6FE1689}.Release|x64.Build.0 = Release|Any CPU
		{E764C15C-385F-45AE-8818-3459D6FE1689}.Release|x86.ActiveCfg = Release|Any CPU
		{E764C15C-385F-45AE-8818-3459D6FE1689}.Release|x86.Build.0 = Release|Any CPU
		{EE5B959B-BEE6-4CFC-8722-67F122C2CF09}.Debug|Any CPU.ActiveCfg = Debug|Any CPU
		{EE5B959B-BEE6-4CFC-8722-67F122C2CF09}.Debug|Any CPU.Build.0 = Debug|Any CPU
		{EE5B959B-BEE6-4CFC-8722-67F122C2CF09}.Debug|x64.ActiveCfg = Debug|Any CPU
		{EE5B959B-BEE6-4CFC-8722-67F122C2CF09}.Debug|x64.Build.0 = Debug|Any CPU
		{EE5B959B-BEE6-4CFC-8722-67F122C2CF09}.Debug|x86.ActiveCfg = Debug|Any CPU
		{EE5B959B-BEE6-4CFC-8722-67F122C2CF09}.Debug|x86.Build.0 = Debug|Any CPU
		{EE5B959B-BEE6-4CFC-8722-67F122C2CF09}.Release|Any CPU.ActiveCfg = Release|Any CPU
		{EE5B959B-BEE6-4CFC-8722-67F122C2CF09}.Release|Any CPU.Build.0 = Release|Any CPU
		{EE5B959B-BEE6-4CFC-8722-67F122C2CF09}.Release|x64.ActiveCfg = Release|Any CPU
		{EE5B959B-BEE6-4CFC-8722-67F122C2CF09}.Release|x64.Build.0 = Release|Any CPU
		{EE5B959B-BEE6-4CFC-8722-67F122C2CF09}.Release|x86.ActiveCfg = Release|Any CPU
		{EE5B959B-BEE6-4CFC-8722-67F122C2CF09}.Release|x86.Build.0 = Release|Any CPU
		{534E0D24-9ED3-4A55-B855-70C66452BD50}.Debug|Any CPU.ActiveCfg = Debug|Any CPU
		{534E0D24-9ED3-4A55-B855-70C66452BD50}.Debug|Any CPU.Build.0 = Debug|Any CPU
		{534E0D24-9ED3-4A55-B855-70C66452BD50}.Debug|x64.ActiveCfg = Debug|Any CPU
		{534E0D24-9ED3-4A55-B855-70C66452BD50}.Debug|x64.Build.0 = Debug|Any CPU
		{534E0D24-9ED3-4A55-B855-70C66452BD50}.Debug|x86.ActiveCfg = Debug|Any CPU
		{534E0D24-9ED3-4A55-B855-70C66452BD50}.Debug|x86.Build.0 = Debug|Any CPU
		{534E0D24-9ED3-4A55-B855-70C66452BD50}.Release|Any CPU.ActiveCfg = Release|Any CPU
		{534E0D24-9ED3-4A55-B855-70C66452BD50}.Release|Any CPU.Build.0 = Release|Any CPU
		{534E0D24-9ED3-4A55-B855-70C66452BD50}.Release|x64.ActiveCfg = Release|Any CPU
		{534E0D24-9ED3-4A55-B855-70C66452BD50}.Release|x64.Build.0 = Release|Any CPU
		{534E0D24-9ED3-4A55-B855-70C66452BD50}.Release|x86.ActiveCfg = Release|Any CPU
		{534E0D24-9ED3-4A55-B855-70C66452BD50}.Release|x86.Build.0 = Release|Any CPU
		{3A157C1D-30C8-402A-B2E8-D887B9EDF262}.Debug|Any CPU.ActiveCfg = Debug|Any CPU
		{3A157C1D-30C8-402A-B2E8-D887B9EDF262}.Debug|Any CPU.Build.0 = Debug|Any CPU
		{3A157C1D-30C8-402A-B2E8-D887B9EDF262}.Debug|x64.ActiveCfg = Debug|Any CPU
		{3A157C1D-30C8-402A-B2E8-D887B9EDF262}.Debug|x64.Build.0 = Debug|Any CPU
		{3A157C1D-30C8-402A-B2E8-D887B9EDF262}.Debug|x86.ActiveCfg = Debug|Any CPU
		{3A157C1D-30C8-402A-B2E8-D887B9EDF262}.Debug|x86.Build.0 = Debug|Any CPU
		{3A157C1D-30C8-402A-B2E8-D887B9EDF262}.Release|Any CPU.ActiveCfg = Release|Any CPU
		{3A157C1D-30C8-402A-B2E8-D887B9EDF262}.Release|Any CPU.Build.0 = Release|Any CPU
		{3A157C1D-30C8-402A-B2E8-D887B9EDF262}.Release|x64.ActiveCfg = Release|Any CPU
		{3A157C1D-30C8-402A-B2E8-D887B9EDF262}.Release|x64.Build.0 = Release|Any CPU
		{3A157C1D-30C8-402A-B2E8-D887B9EDF262}.Release|x86.ActiveCfg = Release|Any CPU
		{3A157C1D-30C8-402A-B2E8-D887B9EDF262}.Release|x86.Build.0 = Release|Any CPU
	EndGlobalSection
	GlobalSection(SolutionProperties) = preSolution
		HideSolutionNode = FALSE
	EndGlobalSection
	GlobalSection(NestedProjects) = preSolution
		{0C335B17-475B-4084-B17A-5CDA6CC96E0C} = {827E0CD3-B72D-47B6-A68D-7590B98EB39B}
		{32C20690-19B4-4E18-8078-8D7B2C52171C} = {827E0CD3-B72D-47B6-A68D-7590B98EB39B}
		{A93ABC28-0ED1-4388-8ADB-17A9EB5A5E43} = {827E0CD3-B72D-47B6-A68D-7590B98EB39B}
		{EA8193EA-6FE8-4087-92EB-0370AC8DF3CB} = {827E0CD3-B72D-47B6-A68D-7590B98EB39B}
		{42A6BC93-5559-41E2-A98C-183746C11F6E} = {827E0CD3-B72D-47B6-A68D-7590B98EB39B}
		{59F04EC5-470A-4605-AA3A-2AF0305D2B4A} = {827E0CD3-B72D-47B6-A68D-7590B98EB39B}
		{E764C15C-385F-45AE-8818-3459D6FE1689} = {827E0CD3-B72D-47B6-A68D-7590B98EB39B}
		{EE5B959B-BEE6-4CFC-8722-67F122C2CF09} = {827E0CD3-B72D-47B6-A68D-7590B98EB39B}
		{534E0D24-9ED3-4A55-B855-70C66452BD50} = {827E0CD3-B72D-47B6-A68D-7590B98EB39B}
		{3A157C1D-30C8-402A-B2E8-D887B9EDF262} = {827E0CD3-B72D-47B6-A68D-7590B98EB39B}
	EndGlobalSection
EndGlobal
